
Microsoft Visual Studio Solution File, Format Version 12.00
# Visual Studio Version 16
VisualStudioVersion = 16.0.33927.289
MinimumVisualStudioVersion = 10.0.40219.1
Project("{2150E333-8FDC-42A3-9474-1A3956D46DE8}") = "Task0", "Task0", "{8DC4BF52-F20A-47D9-9537-AF293C834E47}"
EndProject
Project("{FAE04EC0-301F-11D3-BF4B-00C04F79EFBC}") = "Tyuiu.RedikultsevaAA.Sprint5.Task0.V5", "Tyuiu.RedikultsevaAA.Sprint5.Task0.V5\Tyuiu.RedikultsevaAA.Sprint5.Task0.V5.csproj", "{0E8900C1-F6BA-4D4D-A49C-B5AFA44D49C0}"
EndProject
Project("{FAE04EC0-301F-11D3-BF4B-00C04F79EFBC}") = "Tyuiu.RedikultsevaAA.Sprint5.Task0.V5.Lib", "Tyuiu.RedikultsevaAA.Sprint5.Task0.V5.Lib\Tyuiu.RedikultsevaAA.Sprint5.Task0.V5.Lib.csproj", "{42C19656-2758-4925-8548-9B9B1995153D}"
EndProject
Project("{FAE04EC0-301F-11D3-BF4B-00C04F79EFBC}") = "Tyuiu.RedikultsevaAA.Sprint5.Task0.V5.Test", "Tyuiu.RedikultsevaAA.Sprint5.Task0.V5.Test\Tyuiu.RedikultsevaAA.Sprint5.Task0.V5.Test.csproj", "{F96ADE92-02AF-479C-B318-70BA45757D21}"
EndProject
Project("{2150E333-8FDC-42A3-9474-1A3956D46DE8}") = "Task1", "Task1", "{7E2FB8E9-02ED-4A55-A028-BB44121955EC}"
EndProject
Project("{FAE04EC0-301F-11D3-BF4B-00C04F79EFBC}") = "Tyuiu.RedikultsevaAA.Sprint5.Task1.V30", "Tyuiu.RedikultsevaAA.Sprint5.Task1.V30\Tyuiu.RedikultsevaAA.Sprint5.Task1.V30.csproj", "{FC56D070-5914-4E19-9347-61B11AB091B3}"
EndProject
Project("{FAE04EC0-301F-11D3-BF4B-00C04F79EFBC}") = "Tyuiu.RedikultsevaAA.Sprint5.Task1.V30.Test", "Tyuiu.RedikultsevaAA.Sprint5.Task1.V30.Test\Tyuiu.RedikultsevaAA.Sprint5.Task1.V30.Test.csproj", "{920264DA-5E14-47B4-8EDC-0C8CD12CA965}"
EndProject
Project("{FAE04EC0-301F-11D3-BF4B-00C04F79EFBC}") = "Tyuiu.RedikultsevaAA.Sprint5.Task1.V30.Lib", "Tyuiu.RedikultsevaAA.Sprint5.Task1.V30.Lib\Tyuiu.RedikultsevaAA.Sprint5.Task1.V30.Lib.csproj", "{058FA7B8-56F9-423A-860A-6FB3C0A4FC98}"
EndProject
Project("{2150E333-8FDC-42A3-9474-1A3956D46DE8}") = "Task2", "Task2", "{5CEF07BC-050F-49EC-B289-98BC5837B8AC}"
EndProject
Project("{FAE04EC0-301F-11D3-BF4B-00C04F79EFBC}") = "Tyuiu.RedikultsevaAA.Sprint5.Task2.V30", "Tyuiu.RedikultsevaAA.Sprint5.Task2.V30\Tyuiu.RedikultsevaAA.Sprint5.Task2.V30.csproj", "{CC488795-FC8B-475E-9192-0AD38C201F02}"
EndProject
Project("{FAE04EC0-301F-11D3-BF4B-00C04F79EFBC}") = "Tyuiu.RedikultsevaAA.Sprint5.Task2.V30.Test", "Tyuiu.RedikultsevaAA.Sprint5.Task2.V30.Test\Tyuiu.RedikultsevaAA.Sprint5.Task2.V30.Test.csproj", "{DEE399FA-BB51-4713-9A64-F5B5BFCCDDBB}"
EndProject
Project("{FAE04EC0-301F-11D3-BF4B-00C04F79EFBC}") = "Tyuiu.RedikultsevaAA.Sprint5.Task2.V30.Lib", "Tyuiu.RedikultsevaAA.Sprint5.Task2.V30.Lib\Tyuiu.RedikultsevaAA.Sprint5.Task2.V30.Lib.csproj", "{95A3EDA0-A960-41AF-8C16-81F95A1D07C5}"
EndProject
Project("{2150E333-8FDC-42A3-9474-1A3956D46DE8}") = "Task3", "Task3", "{AF7B61BF-C21E-40F7-8FF4-8C536C2014B4}"
EndProject
Project("{FAE04EC0-301F-11D3-BF4B-00C04F79EFBC}") = "Tyuiu.RedikultsevaAA.Sprint5.Task3.V22", "Tyuiu.RedikultsevaAA.Sprint5.Task3.V22\Tyuiu.RedikultsevaAA.Sprint5.Task3.V22.csproj", "{20FED817-1FC2-40E4-8CCB-4AAA42443504}"
EndProject
Project("{FAE04EC0-301F-11D3-BF4B-00C04F79EFBC}") = "Tyuiu.RedikultsevaAA.Sprint5.Task3.V22.Lib", "Tyuiu.RedikultsevaAA.Sprint5.Task3.V22.Lib\Tyuiu.RedikultsevaAA.Sprint5.Task3.V22.Lib.csproj", "{49A2561A-9C50-430A-A29A-B93B5B909F1F}"
EndProject
Project("{FAE04EC0-301F-11D3-BF4B-00C04F79EFBC}") = "Tyuiu.RedikultsevaAA.Sprint5.Task3.V22.Test", "Tyuiu.RedikultsevaAA.Sprint5.Task3.V22.Test\Tyuiu.RedikultsevaAA.Sprint5.Task3.V22.Test.csproj", "{B8519262-CCEB-488B-9FB3-0463918CFC5C}"
EndProject
Project("{2150E333-8FDC-42A3-9474-1A3956D46DE8}") = "Task4", "Task4", "{6704E118-95BE-441F-872F-2212DCEC113C}"
EndProject
Project("{FAE04EC0-301F-11D3-BF4B-00C04F79EFBC}") = "Tyuiu.RedikultsevaAA.Sprint5.Task4.V18", "Tyuiu.RedikultsevaAA.Sprint5.Task4.V18\Tyuiu.RedikultsevaAA.Sprint5.Task4.V18.csproj", "{2B80EC9F-456C-4226-9998-6E1AF427D5B1}"
EndProject
Project("{FAE04EC0-301F-11D3-BF4B-00C04F79EFBC}") = "Tyuiu.RedikultsevaAA.Sprint5.Task4.V18.Test", "Tyuiu.RedikultsevaAA.Sprint5.Task4.V18.Test\Tyuiu.RedikultsevaAA.Sprint5.Task4.V18.Test.csproj", "{78594978-2317-4672-A958-570036F278D3}"
EndProject
Project("{FAE04EC0-301F-11D3-BF4B-00C04F79EFBC}") = "Tyuiu.RedikultsevaAA.Sprint5.Task4.V18.Lib", "Tyuiu.RedikultsevaAA.Sprint5.Task4.V18.Lib\Tyuiu.RedikultsevaAA.Sprint5.Task4.V18.Lib.csproj", "{0B91735D-7FBB-4131-9DF9-1509E1891BA2}"
EndProject
Project("{2150E333-8FDC-42A3-9474-1A3956D46DE8}") = "Task5", "Task5", "{257DD8D2-B450-47BE-82F5-996E3932AAA7}"
EndProject
Project("{FAE04EC0-301F-11D3-BF4B-00C04F79EFBC}") = "Tyuiu.RedikultsevaAA.Sprint5.Task5.V27.Test", "Tyuiu.RedikultsevaAA.Sprint5.Task5.V27.Test\Tyuiu.RedikultsevaAA.Sprint5.Task5.V27.Test.csproj", "{E54A2483-FA5E-46B3-9E00-C3FC681B9555}"
EndProject
Project("{FAE04EC0-301F-11D3-BF4B-00C04F79EFBC}") = "Tyuiu.RedikultsevaAA.Sprint5.Task5.V27.Lib", "Tyuiu.RedikultsevaAA.Sprint5.Task5.V27.Lib\Tyuiu.RedikultsevaAA.Sprint5.Task5.V27.Lib.csproj", "{9D2BF86C-13FE-43CD-ACE7-DFFE45D67C80}"
EndProject
Project("{FAE04EC0-301F-11D3-BF4B-00C04F79EFBC}") = "Tyuiu.RedikultsevaAA.Sprint5.Task5.V27", "Tyuiu.RedikultsevaAA.Sprint5.Task5.V27\Tyuiu.RedikultsevaAA.Sprint5.Task5.V27.csproj", "{0B2EF1F7-89CB-4237-A954-5754F568E2C5}"
EndProject
Global
	GlobalSection(SolutionConfigurationPlatforms) = preSolution
		Debug|Any CPU = Debug|Any CPU
		Release|Any CPU = Release|Any CPU
	EndGlobalSection
	GlobalSection(ProjectConfigurationPlatforms) = postSolution
		{0E8900C1-F6BA-4D4D-A49C-B5AFA44D49C0}.Debug|Any CPU.ActiveCfg = Debug|Any CPU
		{0E8900C1-F6BA-4D4D-A49C-B5AFA44D49C0}.Debug|Any CPU.Build.0 = Debug|Any CPU
		{0E8900C1-F6BA-4D4D-A49C-B5AFA44D49C0}.Release|Any CPU.ActiveCfg = Release|Any CPU
		{0E8900C1-F6BA-4D4D-A49C-B5AFA44D49C0}.Release|Any CPU.Build.0 = Release|Any CPU
		{42C19656-2758-4925-8548-9B9B1995153D}.Debug|Any CPU.ActiveCfg = Debug|Any CPU
		{42C19656-2758-4925-8548-9B9B1995153D}.Debug|Any CPU.Build.0 = Debug|Any CPU
		{42C19656-2758-4925-8548-9B9B1995153D}.Release|Any CPU.ActiveCfg = Release|Any CPU
		{42C19656-2758-4925-8548-9B9B1995153D}.Release|Any CPU.Build.0 = Release|Any CPU
		{F96ADE92-02AF-479C-B318-70BA45757D21}.Debug|Any CPU.ActiveCfg = Debug|Any CPU
		{F96ADE92-02AF-479C-B318-70BA45757D21}.Debug|Any CPU.Build.0 = Debug|Any CPU
		{F96ADE92-02AF-479C-B318-70BA45757D21}.Release|Any CPU.ActiveCfg = Release|Any CPU
		{F96ADE92-02AF-479C-B318-70BA45757D21}.Release|Any CPU.Build.0 = Release|Any CPU
		{FC56D070-5914-4E19-9347-61B11AB091B3}.Debug|Any CPU.ActiveCfg = Debug|Any CPU
		{FC56D070-5914-4E19-9347-61B11AB091B3}.Debug|Any CPU.Build.0 = Debug|Any CPU
		{FC56D070-5914-4E19-9347-61B11AB091B3}.Release|Any CPU.ActiveCfg = Release|Any CPU
		{FC56D070-5914-4E19-9347-61B11AB091B3}.Release|Any CPU.Build.0 = Release|Any CPU
		{920264DA-5E14-47B4-8EDC-0C8CD12CA965}.Debug|Any CPU.ActiveCfg = Debug|Any CPU
		{920264DA-5E14-47B4-8EDC-0C8CD12CA965}.Debug|Any CPU.Build.0 = Debug|Any CPU
		{920264DA-5E14-47B4-8EDC-0C8CD12CA965}.Release|Any CPU.ActiveCfg = Release|Any CPU
		{920264DA-5E14-47B4-8EDC-0C8CD12CA965}.Release|Any CPU.Build.0 = Release|Any CPU
		{058FA7B8-56F9-423A-860A-6FB3C0A4FC98}.Debug|Any CPU.ActiveCfg = Debug|Any CPU
		{058FA7B8-56F9-423A-860A-6FB3C0A4FC98}.Debug|Any CPU.Build.0 = Debug|Any CPU
		{058FA7B8-56F9-423A-860A-6FB3C0A4FC98}.Release|Any CPU.ActiveCfg = Release|Any CPU
		{058FA7B8-56F9-423A-860A-6FB3C0A4FC98}.Release|Any CPU.Build.0 = Release|Any CPU
		{CC488795-FC8B-475E-9192-0AD38C201F02}.Debug|Any CPU.ActiveCfg = Debug|Any CPU
		{CC488795-FC8B-475E-9192-0AD38C201F02}.Debug|Any CPU.Build.0 = Debug|Any CPU
		{CC488795-FC8B-475E-9192-0AD38C201F02}.Release|Any CPU.ActiveCfg = Release|Any CPU
		{CC488795-FC8B-475E-9192-0AD38C201F02}.Release|Any CPU.Build.0 = Release|Any CPU
		{DEE399FA-BB51-4713-9A64-F5B5BFCCDDBB}.Debug|Any CPU.ActiveCfg = Debug|Any CPU
		{DEE399FA-BB51-4713-9A64-F5B5BFCCDDBB}.Debug|Any CPU.Build.0 = Debug|Any CPU
		{DEE399FA-BB51-4713-9A64-F5B5BFCCDDBB}.Release|Any CPU.ActiveCfg = Release|Any CPU
		{DEE399FA-BB51-4713-9A64-F5B5BFCCDDBB}.Release|Any CPU.Build.0 = Release|Any CPU
		{95A3EDA0-A960-41AF-8C16-81F95A1D07C5}.Debug|Any CPU.ActiveCfg = Debug|Any CPU
		{95A3EDA0-A960-41AF-8C16-81F95A1D07C5}.Debug|Any CPU.Build.0 = Debug|Any CPU
		{95A3EDA0-A960-41AF-8C16-81F95A1D07C5}.Release|Any CPU.ActiveCfg = Release|Any CPU
		{95A3EDA0-A960-41AF-8C16-81F95A1D07C5}.Release|Any CPU.Build.0 = Release|Any CPU
		{20FED817-1FC2-40E4-8CCB-4AAA42443504}.Debug|Any CPU.ActiveCfg = Debug|Any CPU
		{20FED817-1FC2-40E4-8CCB-4AAA42443504}.Debug|Any CPU.Build.0 = Debug|Any CPU
		{20FED817-1FC2-40E4-8CCB-4AAA42443504}.Release|Any CPU.ActiveCfg = Release|Any CPU
		{20FED817-1FC2-40E4-8CCB-4AAA42443504}.Release|Any CPU.Build.0 = Release|Any CPU
		{49A2561A-9C50-430A-A29A-B93B5B909F1F}.Debug|Any CPU.ActiveCfg = Debug|Any CPU
		{49A2561A-9C50-430A-A29A-B93B5B909F1F}.Debug|Any CPU.Build.0 = Debug|Any CPU
		{49A2561A-9C50-430A-A29A-B93B5B909F1F}.Release|Any CPU.ActiveCfg = Release|Any CPU
		{49A2561A-9C50-430A-A29A-B93B5B909F1F}.Release|Any CPU.Build.0 = Release|Any CPU
		{B8519262-CCEB-488B-9FB3-0463918CFC5C}.Debug|Any CPU.ActiveCfg = Debug|Any CPU
		{B8519262-CCEB-488B-9FB3-0463918CFC5C}.Debug|Any CPU.Build.0 = Debug|Any CPU
		{B8519262-CCEB-488B-9FB3-0463918CFC5C}.Release|Any CPU.ActiveCfg = Release|Any CPU
		{B8519262-CCEB-488B-9FB3-0463918CFC5C}.Release|Any CPU.Build.0 = Release|Any CPU
		{2B80EC9F-456C-4226-9998-6E1AF427D5B1}.Debug|Any CPU.ActiveCfg = Debug|Any CPU
		{2B80EC9F-456C-4226-9998-6E1AF427D5B1}.Debug|Any CPU.Build.0 = Debug|Any CPU
		{2B80EC9F-456C-4226-9998-6E1AF427D5B1}.Release|Any CPU.ActiveCfg = Release|Any CPU
		{2B80EC9F-456C-4226-9998-6E1AF427D5B1}.Release|Any CPU.Build.0 = Release|Any CPU
		{78594978-2317-4672-A958-570036F278D3}.Debug|Any CPU.ActiveCfg = Debug|Any CPU
		{78594978-2317-4672-A958-570036F278D3}.Debug|Any CPU.Build.0 = Debug|Any CPU
		{78594978-2317-4672-A958-570036F278D3}.Release|Any CPU.ActiveCfg = Release|Any CPU
		{78594978-2317-4672-A958-570036F278D3}.Release|Any CPU.Build.0 = Release|Any CPU
		{0B91735D-7FBB-4131-9DF9-1509E1891BA2}.Debug|Any CPU.ActiveCfg = Debug|Any CPU
		{0B91735D-7FBB-4131-9DF9-1509E1891BA2}.Debug|Any CPU.Build.0 = Debug|Any CPU
		{0B91735D-7FBB-4131-9DF9-1509E1891BA2}.Release|Any CPU.ActiveCfg = Release|Any CPU
		{0B91735D-7FBB-4131-9DF9-1509E1891BA2}.Release|Any CPU.Build.0 = Release|Any CPU
		{E54A2483-FA5E-46B3-9E00-C3FC681B9555}.Debug|Any CPU.ActiveCfg = Debug|Any CPU
		{E54A2483-FA5E-46B3-9E00-C3FC681B9555}.Debug|Any CPU.Build.0 = Debug|Any CPU
		{E54A2483-FA5E-46B3-9E00-C3FC681B9555}.Release|Any CPU.ActiveCfg = Release|Any CPU
		{E54A2483-FA5E-46B3-9E00-C3FC681B9555}.Release|Any CPU.Build.0 = Release|Any CPU
		{9D2BF86C-13FE-43CD-ACE7-DFFE45D67C80}.Debug|Any CPU.ActiveCfg = Debug|Any CPU
		{9D2BF86C-13FE-43CD-ACE7-DFFE45D67C80}.Debug|Any CPU.Build.0 = Debug|Any CPU
		{9D2BF86C-13FE-43CD-ACE7-DFFE45D67C80}.Release|Any CPU.ActiveCfg = Release|Any CPU
		{9D2BF86C-13FE-43CD-ACE7-DFFE45D67C80}.Release|Any CPU.Build.0 = Release|Any CPU
		{0B2EF1F7-89CB-4237-A954-5754F568E2C5}.Debug|Any CPU.ActiveCfg = Debug|Any CPU
		{0B2EF1F7-89CB-4237-A954-5754F568E2C5}.Debug|Any CPU.Build.0 = Debug|Any CPU
		{0B2EF1F7-89CB-4237-A954-5754F568E2C5}.Release|Any CPU.ActiveCfg = Release|Any CPU
		{0B2EF1F7-89CB-4237-A954-5754F568E2C5}.Release|Any CPU.Build.0 = Release|Any CPU
	EndGlobalSection
	GlobalSection(SolutionProperties) = preSolution
		HideSolutionNode = FALSE
	EndGlobalSection
	GlobalSection(NestedProjects) = preSolution
		{0E8900C1-F6BA-4D4D-A49C-B5AFA44D49C0} = {8DC4BF52-F20A-47D9-9537-AF293C834E47}
		{42C19656-2758-4925-8548-9B9B1995153D} = {8DC4BF52-F20A-47D9-9537-AF293C834E47}
		{F96ADE92-02AF-479C-B318-70BA45757D21} = {8DC4BF52-F20A-47D9-9537-AF293C834E47}
		{FC56D070-5914-4E19-9347-61B11AB091B3} = {7E2FB8E9-02ED-4A55-A028-BB44121955EC}
		{920264DA-5E14-47B4-8EDC-0C8CD12CA965} = {7E2FB8E9-02ED-4A55-A028-BB44121955EC}
		{058FA7B8-56F9-423A-860A-6FB3C0A4FC98} = {7E2FB8E9-02ED-4A55-A028-BB44121955EC}
		{CC488795-FC8B-475E-9192-0AD38C201F02} = {5CEF07BC-050F-49EC-B289-98BC5837B8AC}
		{DEE399FA-BB51-4713-9A64-F5B5BFCCDDBB} = {5CEF07BC-050F-49EC-B289-98BC5837B8AC}
		{95A3EDA0-A960-41AF-8C16-81F95A1D07C5} = {5CEF07BC-050F-49EC-B289-98BC5837B8AC}
		{20FED817-1FC2-40E4-8CCB-4AAA42443504} = {AF7B61BF-C21E-40F7-8FF4-8C536C2014B4}
		{49A2561A-9C50-430A-A29A-B93B5B909F1F} = {AF7B61BF-C21E-40F7-8FF4-8C536C2014B4}
		{B8519262-CCEB-488B-9FB3-0463918CFC5C} = {AF7B61BF-C21E-40F7-8FF4-8C536C2014B4}
		{2B80EC9F-456C-4226-9998-6E1AF427D5B1} = {6704E118-95BE-441F-872F-2212DCEC113C}
		{78594978-2317-4672-A958-570036F278D3} = {6704E118-95BE-441F-872F-2212DCEC113C}
		{0B91735D-7FBB-4131-9DF9-1509E1891BA2} = {6704E118-95BE-441F-872F-2212DCEC113C}
		{E54A2483-FA5E-46B3-9E00-C3FC681B9555} = {257DD8D2-B450-47BE-82F5-996E3932AAA7}
		{9D2BF86C-13FE-43CD-ACE7-DFFE45D67C80} = {257DD8D2-B450-47BE-82F5-996E3932AAA7}
		{0B2EF1F7-89CB-4237-A954-5754F568E2C5} = {257DD8D2-B450-47BE-82F5-996E3932AAA7}
	EndGlobalSection
	GlobalSection(ExtensibilityGlobals) = postSolution
		SolutionGuid = {CC0BC6BE-F6F0-40CB-BC5B-9A623F30F880}
	EndGlobalSection
EndGlobal
